// !$*UTF8*$!
{
	archiveVersion = 1;
	classes = {
	};
	objectVersion = 56;
	objects = {

/* Begin PBXBuildFile section */
		86D071812A3C434E00D0A250 /* AppDelegate.swift in Sources */ = {isa = PBXBuildFile; fileRef = 86D071802A3C434E00D0A250 /* AppDelegate.swift */; };
		86D071832A3C434E00D0A250 /* SceneDelegate.swift in Sources */ = {isa = PBXBuildFile; fileRef = 86D071822A3C434E00D0A250 /* SceneDelegate.swift */; };
		86D071852A3C434E00D0A250 /* ViewController.swift in Sources */ = {isa = PBXBuildFile; fileRef = 86D071842A3C434E00D0A250 /* ViewController.swift */; };
		86D071882A3C434E00D0A250 /* Main.storyboard in Resources */ = {isa = PBXBuildFile; fileRef = 86D071862A3C434E00D0A250 /* Main.storyboard */; };
		86D0718A2A3C434E00D0A250 /* Assets.xcassets in Resources */ = {isa = PBXBuildFile; fileRef = 86D071892A3C434E00D0A250 /* Assets.xcassets */; };
		86D0718D2A3C434E00D0A250 /* LaunchScreen.storyboard in Resources */ = {isa = PBXBuildFile; fileRef = 86D0718B2A3C434E00D0A250 /* LaunchScreen.storyboard */; };
		86D071982A3C434E00D0A250 /* DaeriTests.swift in Sources */ = {isa = PBXBuildFile; fileRef = 86D071972A3C434E00D0A250 /* DaeriTests.swift */; };
		86D071A22A3C434E00D0A250 /* DaeriUITests.swift in Sources */ = {isa = PBXBuildFile; fileRef = 86D071A12A3C434E00D0A250 /* DaeriUITests.swift */; };
		86D071A42A3C434E00D0A250 /* DaeriUITestsLaunchTests.swift in Sources */ = {isa = PBXBuildFile; fileRef = 86D071A32A3C434E00D0A250 /* DaeriUITestsLaunchTests.swift */; };
/* End PBXBuildFile section */

/* Begin PBXContainerItemProxy section */
		86D071942A3C434E00D0A250 /* PBXContainerItemProxy */ = {
			isa = PBXContainerItemProxy;
			containerPortal = 86D071752A3C434E00D0A250 /* Project object */;
			proxyType = 1;
			remoteGlobalIDString = 86D0717C2A3C434E00D0A250;
			remoteInfo = Daeri;
		};
		86D0719E2A3C434E00D0A250 /* PBXContainerItemProxy */ = {
			isa = PBXContainerItemProxy;
			containerPortal = 86D071752A3C434E00D0A250 /* Project object */;
			proxyType = 1;
			remoteGlobalIDString = 86D0717C2A3C434E00D0A250;
			remoteInfo = Daeri;
		};
/* End PBXContainerItemProxy section */

/* Begin PBXFileReference section */
		86D0717D2A3C434E00D0A250 /* Daeri.app */ = {isa = PBXFileReference; explicitFileType = wrapper.application; includeInIndex = 0; path = Daeri.app; sourceTree = BUILT_PRODUCTS_DIR; };
		86D071802A3C434E00D0A250 /* AppDelegate.swift */ = {isa = PBXFileReference; lastKnownFileType = sourcecode.swift; path = AppDelegate.swift; sourceTree = "<group>"; };
		86D071822A3C434E00D0A250 /* SceneDelegate.swift */ = {isa = PBXFileReference; lastKnownFileType = sourcecode.swift; path = SceneDelegate.swift; sourceTree = "<group>"; };
		86D071842A3C434E00D0A250 /* ViewController.swift */ = {isa = PBXFileReference; lastKnownFileType = sourcecode.swift; path = ViewController.swift; sourceTree = "<group>"; };
		86D071872A3C434E00D0A250 /* Base */ = {isa = PBXFileReference; lastKnownFileType = file.storyboard; name = Base; path = Base.lproj/Main.storyboard; sourceTree = "<group>"; };
		86D071892A3C434E00D0A250 /* Assets.xcassets */ = {isa = PBXFileReference; lastKnownFileType = folder.assetcatalog; path = Assets.xcassets; sourceTree = "<group>"; };
		86D0718C2A3C434E00D0A250 /* Base */ = {isa = PBXFileReference; lastKnownFileType = file.storyboard; name = Base; path = Base.lproj/LaunchScreen.storyboard; sourceTree = "<group>"; };
		86D0718E2A3C434E00D0A250 /* Info.plist */ = {isa = PBXFileReference; lastKnownFileType = text.plist.xml; path = Info.plist; sourceTree = "<group>"; };
		86D071932A3C434E00D0A250 /* DaeriTests.xctest */ = {isa = PBXFileReference; explicitFileType = wrapper.cfbundle; includeInIndex = 0; path = DaeriTests.xctest; sourceTree = BUILT_PRODUCTS_DIR; };
		86D071972A3C434E00D0A250 /* DaeriTests.swift */ = {isa = PBXFileReference; lastKnownFileType = sourcecode.swift; path = DaeriTests.swift; sourceTree = "<group>"; };
		86D0719D2A3C434E00D0A250 /* DaeriUITests.xctest */ = {isa = PBXFileReference; explicitFileType = wrapper.cfbundle; includeInIndex = 0; path = DaeriUITests.xctest; sourceTree = BUILT_PRODUCTS_DIR; };
		86D071A12A3C434E00D0A250 /* DaeriUITests.swift */ = {isa = PBXFileReference; lastKnownFileType = sourcecode.swift; path = DaeriUITests.swift; sourceTree = "<group>"; };
		86D071A32A3C434E00D0A250 /* DaeriUITestsLaunchTests.swift */ = {isa = PBXFileReference; lastKnownFileType = sourcecode.swift; path = DaeriUITestsLaunchTests.swift; sourceTree = "<group>"; };
/* End PBXFileReference section */

/* Begin PBXFrameworksBuildPhase section */
		86D0717A2A3C434E00D0A250 /* Frameworks */ = {
			isa = PBXFrameworksBuildPhase;
			buildActionMask = 2147483647;
			files = (
			);
			runOnlyForDeploymentPostprocessing = 0;
		};
		86D071902A3C434E00D0A250 /* Frameworks */ = {
			isa = PBXFrameworksBuildPhase;
			buildActionMask = 2147483647;
			files = (
			);
			runOnlyForDeploymentPostprocessing = 0;
		};
		86D0719A2A3C434E00D0A250 /* Frameworks */ = {
			isa = PBXFrameworksBuildPhase;
			buildActionMask = 2147483647;
			files = (
			);
			runOnlyForDeploymentPostprocessing = 0;
		};
/* End PBXFrameworksBuildPhase section */

/* Begin PBXGroup section */
		86D071742A3C434E00D0A250 = {
			isa = PBXGroup;
			children = (
				86D0717F2A3C434E00D0A250 /* Daeri */,
				86D071962A3C434E00D0A250 /* DaeriTests */,
				86D071A02A3C434E00D0A250 /* DaeriUITests */,
				86D0717E2A3C434E00D0A250 /* Products */,
			);
			sourceTree = "<group>";
		};
		86D0717E2A3C434E00D0A250 /* Products */ = {
			isa = PBXGroup;
			children = (
				86D0717D2A3C434E00D0A250 /* Daeri.app */,
				86D071932A3C434E00D0A250 /* DaeriTests.xctest */,
				86D0719D2A3C434E00D0A250 /* DaeriUITests.xctest */,
			);
			name = Products;
			sourceTree = "<group>";
		};
		86D0717F2A3C434E00D0A250 /* Daeri */ = {
			isa = PBXGroup;
			children = (
				86D071802A3C434E00D0A250 /* AppDelegate.swift */,
				86D071822A3C434E00D0A250 /* SceneDelegate.swift */,
				86D071842A3C434E00D0A250 /* ViewController.swift */,
				86D071862A3C434E00D0A250 /* Main.storyboard */,
				86D071892A3C434E00D0A250 /* Assets.xcassets */,
				86D0718B2A3C434E00D0A250 /* LaunchScreen.storyboard */,
				86D0718E2A3C434E00D0A250 /* Info.plist */,
			);
			path = Daeri;
			sourceTree = "<group>";
		};
		86D071962A3C434E00D0A250 /* DaeriTests */ = {
			isa = PBXGroup;
			children = (
				86D071972A3C434E00D0A250 /* DaeriTests.swift */,
			);
			path = DaeriTests;
			sourceTree = "<group>";
		};
		86D071A02A3C434E00D0A250 /* DaeriUITests */ = {
			isa = PBXGroup;
			children = (
				86D071A12A3C434E00D0A250 /* DaeriUITests.swift */,
				86D071A32A3C434E00D0A250 /* DaeriUITestsLaunchTests.swift */,
			);
			path = DaeriUITests;
			sourceTree = "<group>";
		};
/* End PBXGroup section */

/* Begin PBXNativeTarget section */
		86D0717C2A3C434E00D0A250 /* Daeri */ = {
			isa = PBXNativeTarget;
			buildConfigurationList = 86D071A72A3C434E00D0A250 /* Build configuration list for PBXNativeTarget "Daeri" */;
			buildPhases = (
				86D071792A3C434E00D0A250 /* Sources */,
				86D0717A2A3C434E00D0A250 /* Frameworks */,
				86D0717B2A3C434E00D0A250 /* Resources */,
			);
			buildRules = (
			);
			dependencies = (
			);
			name = Daeri;
			productName = Daeri;
			productReference = 86D0717D2A3C434E00D0A250 /* Daeri.app */;
			productType = "com.apple.product-type.application";
		};
		86D071922A3C434E00D0A250 /* DaeriTests */ = {
			isa = PBXNativeTarget;
			buildConfigurationList = 86D071AA2A3C434E00D0A250 /* Build configuration list for PBXNativeTarget "DaeriTests" */;
			buildPhases = (
				86D0718F2A3C434E00D0A250 /* Sources */,
				86D071902A3C434E00D0A250 /* Frameworks */,
				86D071912A3C434E00D0A250 /* Resources */,
			);
			buildRules = (
			);
			dependencies = (
				86D071952A3C434E00D0A250 /* PBXTargetDependency */,
			);
			name = DaeriTests;
			productName = DaeriTests;
			productReference = 86D071932A3C434E00D0A250 /* DaeriTests.xctest */;
			productType = "com.apple.product-type.bundle.unit-test";
		};
		86D0719C2A3C434E00D0A250 /* DaeriUITests */ = {
			isa = PBXNativeTarget;
			buildConfigurationList = 86D071AD2A3C434E00D0A250 /* Build configuration list for PBXNativeTarget "DaeriUITests" */;
			buildPhases = (
				86D071992A3C434E00D0A250 /* Sources */,
				86D0719A2A3C434E00D0A250 /* Frameworks */,
				86D0719B2A3C434E00D0A250 /* Resources */,
			);
			buildRules = (
			);
			dependencies = (
				86D0719F2A3C434E00D0A250 /* PBXTargetDependency */,
			);
			name = DaeriUITests;
			productName = DaeriUITests;
			productReference = 86D0719D2A3C434E00D0A250 /* DaeriUITests.xctest */;
			productType = "com.apple.product-type.bundle.ui-testing";
		};
/* End PBXNativeTarget section */

/* Begin PBXProject section */
		86D071752A3C434E00D0A250 /* Project object */ = {
			isa = PBXProject;
			attributes = {
				BuildIndependentTargetsInParallel = 1;
				LastSwiftUpdateCheck = 1430;
				LastUpgradeCheck = 1430;
				TargetAttributes = {
					86D0717C2A3C434E00D0A250 = {
						CreatedOnToolsVersion = 14.3;
					};
					86D071922A3C434E00D0A250 = {
						CreatedOnToolsVersion = 14.3;
						TestTargetID = 86D0717C2A3C434E00D0A250;
					};
					86D0719C2A3C434E00D0A250 = {
						CreatedOnToolsVersion = 14.3;
						TestTargetID = 86D0717C2A3C434E00D0A250;
					};
				};
			};
			buildConfigurationList = 86D071782A3C434E00D0A250 /* Build configuration list for PBXProject "Daeri" */;
			compatibilityVersion = "Xcode 14.0";
			developmentRegion = en;
			hasScannedForEncodings = 0;
			knownRegions = (
				en,
				Base,
			);
			mainGroup = 86D071742A3C434E00D0A250;
			productRefGroup = 86D0717E2A3C434E00D0A250 /* Products */;
			projectDirPath = "";
			projectRoot = "";
			targets = (
				86D0717C2A3C434E00D0A250 /* Daeri */,
				86D071922A3C434E00D0A250 /* DaeriTests */,
				86D0719C2A3C434E00D0A250 /* DaeriUITests */,
			);
		};
/* End PBXProject section */

/* Begin PBXResourcesBuildPhase section */
		86D0717B2A3C434E00D0A250 /* Resources */ = {
			isa = PBXResourcesBuildPhase;
			buildActionMask = 2147483647;
			files = (
				86D0718D2A3C434E00D0A250 /* LaunchScreen.storyboard in Resources */,
				86D0718A2A3C434E00D0A250 /* Assets.xcassets in Resources */,
				86D071882A3C434E00D0A250 /* Main.storyboard in Resources */,
			);
			runOnlyForDeploymentPostprocessing = 0;
		};
		86D071912A3C434E00D0A250 /* Resources */ = {
			isa = PBXResourcesBuildPhase;
			buildActionMask = 2147483647;
			files = (
			);
			runOnlyForDeploymentPostprocessing = 0;
		};
		86D0719B2A3C434E00D0A250 /* Resources */ = {
			isa = PBXResourcesBuildPhase;
			buildActionMask = 2147483647;
			files = (
			);
			runOnlyForDeploymentPostprocessing = 0;
		};
/* End PBXResourcesBuildPhase section */

/* Begin PBXSourcesBuildPhase section */
		86D071792A3C434E00D0A250 /* Sources */ = {
			isa = PBXSourcesBuildPhase;
			buildActionMask = 2147483647;
			files = (
				86D071852A3C434E00D0A250 /* ViewController.swift in Sources */,
				86D071812A3C434E00D0A250 /* AppDelegate.swift in Sources */,
				86D071832A3C434E00D0A250 /* SceneDelegate.swift in Sources */,
			);
			runOnlyForDeploymentPostprocessing = 0;
		};
		86D0718F2A3C434E00D0A250 /* Sources */ = {
			isa = PBXSourcesBuildPhase;
			buildActionMask = 2147483647;
			files = (
				86D071982A3C434E00D0A250 /* DaeriTests.swift in Sources */,
			);
			runOnlyForDeploymentPostprocessing = 0;
		};
		86D071992A3C434E00D0A250 /* Sources */ = {
			isa = PBXSourcesBuildPhase;
			buildActionMask = 2147483647;
			files = (
				86D071A42A3C434E00D0A250 /* DaeriUITestsLaunchTests.swift in Sources */,
				86D071A22A3C434E00D0A250 /* DaeriUITests.swift in Sources */,
			);
			runOnlyForDeploymentPostprocessing = 0;
		};
/* End PBXSourcesBuildPhase section */

/* Begin PBXTargetDependency section */
		86D071952A3C434E00D0A250 /* PBXTargetDependency */ = {
			isa = PBXTargetDependency;
			target = 86D0717C2A3C434E00D0A250 /* Daeri */;
			targetProxy = 86D071942A3C434E00D0A250 /* PBXContainerItemProxy */;
		};
		86D0719F2A3C434E00D0A250 /* PBXTargetDependency */ = {
			isa = PBXTargetDependency;
			target = 86D0717C2A3C434E00D0A250 /* Daeri */;
			targetProxy = 86D0719E2A3C434E00D0A250 /* PBXContainerItemProxy */;
		};
/* End PBXTargetDependency section */

/* Begin PBXVariantGroup section */
		86D071862A3C434E00D0A250 /* Main.storyboard */ = {
			isa = PBXVariantGroup;
			children = (
				86D071872A3C434E00D0A250 /* Base */,
			);
			name = Main.storyboard;
			sourceTree = "<group>";
		};
		86D0718B2A3C434E00D0A250 /* LaunchScreen.storyboard */ = {
			isa = PBXVariantGroup;
			children = (
				86D0718C2A3C434E00D0A250 /* Base */,
			);
			name = LaunchScreen.storyboard;
			sourceTree = "<group>";
		};
/* End PBXVariantGroup section */

/* Begin XCBuildConfiguration section */
		86D071A52A3C434E00D0A250 /* Debug */ = {
			isa = XCBuildConfiguration;
			buildSettings = {
				ALWAYS_SEARCH_USER_PATHS = NO;
				CLANG_ANALYZER_NONNULL = YES;
				CLANG_ANALYZER_NUMBER_OBJECT_CONVERSION = YES_AGGRESSIVE;
				CLANG_CXX_LANGUAGE_STANDARD = "gnu++20";
				CLANG_ENABLE_MODULES = YES;
				CLANG_ENABLE_OBJC_ARC = YES;
				CLANG_ENABLE_OBJC_WEAK = YES;
				CLANG_WARN_BLOCK_CAPTURE_AUTORELEASING = YES;
				CLANG_WARN_BOOL_CONVERSION = YES;
				CLANG_WARN_COMMA = YES;
				CLANG_WARN_CONSTANT_CONVERSION = YES;
				CLANG_WARN_DEPRECATED_OBJC_IMPLEMENTATIONS = YES;
				CLANG_WARN_DIRECT_OBJC_ISA_USAGE = YES_ERROR;
				CLANG_WARN_DOCUMENTATION_COMMENTS = YES;
				CLANG_WARN_EMPTY_BODY = YES;
				CLANG_WARN_ENUM_CONVERSION = YES;
				CLANG_WARN_INFINITE_RECURSION = YES;
				CLANG_WARN_INT_CONVERSION = YES;
				CLANG_WARN_NON_LITERAL_NULL_CONVERSION = YES;
				CLANG_WARN_OBJC_IMPLICIT_RETAIN_SELF = YES;
				CLANG_WARN_OBJC_LITERAL_CONVERSION = YES;
				CLANG_WARN_OBJC_ROOT_CLASS = YES_ERROR;
				CLANG_WARN_QUOTED_INCLUDE_IN_FRAMEWORK_HEADER = YES;
				CLANG_WARN_RANGE_LOOP_ANALYSIS = YES;
				CLANG_WARN_STRICT_PROTOTYPES = YES;
				CLANG_WARN_SUSPICIOUS_MOVE = YES;
				CLANG_WARN_UNGUARDED_AVAILABILITY = YES_AGGRESSIVE;
				CLANG_WARN_UNREACHABLE_CODE = YES;
				CLANG_WARN__DUPLICATE_METHOD_MATCH = YES;
				COPY_PHASE_STRIP = NO;
				DEBUG_INFORMATION_FORMAT = dwarf;
				ENABLE_STRICT_OBJC_MSGSEND = YES;
				ENABLE_TESTABILITY = YES;
				GCC_C_LANGUAGE_STANDARD = gnu11;
				GCC_DYNAMIC_NO_PIC = NO;
				GCC_NO_COMMON_BLOCKS = YES;
				GCC_OPTIMIZATION_LEVEL = 0;
				GCC_PREPROCESSOR_DEFINITIONS = (
					"DEBUG=1",
					"$(inherited)",
				);
				GCC_WARN_64_TO_32_BIT_CONVERSION = YES;
				GCC_WARN_ABOUT_RETURN_TYPE = YES_ERROR;
				GCC_WARN_UNDECLARED_SELECTOR = YES;
				GCC_WARN_UNINITIALIZED_AUTOS = YES_AGGRESSIVE;
				GCC_WARN_UNUSED_FUNCTION = YES;
				GCC_WARN_UNUSED_VARIABLE = YES;
				IPHONEOS_DEPLOYMENT_TARGET = 16.4;
				MTL_ENABLE_DEBUG_INFO = INCLUDE_SOURCE;
				MTL_FAST_MATH = YES;
				ONLY_ACTIVE_ARCH = YES;
				SDKROOT = iphoneos;
				SWIFT_ACTIVE_COMPILATION_CONDITIONS = DEBUG;
				SWIFT_OPTIMIZATION_LEVEL = "-Onone";
			};
			name = Debug;
		};
		86D071A62A3C434E00D0A250 /* Release */ = {
			isa = XCBuildConfiguration;
			buildSettings = {
				ALWAYS_SEARCH_USER_PATHS = NO;
				CLANG_ANALYZER_NONNULL = YES;
				CLANG_ANALYZER_NUMBER_OBJECT_CONVERSION = YES_AGGRESSIVE;
				CLANG_CXX_LANGUAGE_STANDARD = "gnu++20";
				CLANG_ENABLE_MODULES = YES;
				CLANG_ENABLE_OBJC_ARC = YES;
				CLANG_ENABLE_OBJC_WEAK = YES;
				CLANG_WARN_BLOCK_CAPTURE_AUTORELEASING = YES;
				CLANG_WARN_BOOL_CONVERSION = YES;
				CLANG_WARN_COMMA = YES;
				CLANG_WARN_CONSTANT_CONVERSION = YES;
				CLANG_WARN_DEPRECATED_OBJC_IMPLEMENTATIONS = YES;
				CLANG_WARN_DIRECT_OBJC_ISA_USAGE = YES_ERROR;
				CLANG_WARN_DOCUMENTATION_COMMENTS = YES;
				CLANG_WARN_EMPTY_BODY = YES;
				CLANG_WARN_ENUM_CONVERSION = YES;
				CLANG_WARN_INFINITE_RECURSION = YES;
				CLANG_WARN_INT_CONVERSION = YES;
				CLANG_WARN_NON_LITERAL_NULL_CONVERSION = YES;
				CLANG_WARN_OBJC_IMPLICIT_RETAIN_SELF = YES;
				CLANG_WARN_OBJC_LITERAL_CONVERSION = YES;
				CLANG_WARN_OBJC_ROOT_CLASS = YES_ERROR;
				CLANG_WARN_QUOTED_INCLUDE_IN_FRAMEWORK_HEADER = YES;
				CLANG_WARN_RANGE_LOOP_ANALYSIS = YES;
				CLANG_WARN_STRICT_PROTOTYPES = YES;
				CLANG_WARN_SUSPICIOUS_MOVE = YES;
				CLANG_WARN_UNGUARDED_AVAILABILITY = YES_AGGRESSIVE;
				CLANG_WARN_UNREACHABLE_CODE = YES;
				CLANG_WARN__DUPLICATE_METHOD_MATCH = YES;
				COPY_PHASE_STRIP = NO;
				DEBUG_INFORMATION_FORMAT = "dwarf-with-dsym";
				ENABLE_NS_ASSERTIONS = NO;
				ENABLE_STRICT_OBJC_MSGSEND = YES;
				GCC_C_LANGUAGE_STANDARD = gnu11;
				GCC_NO_COMMON_BLOCKS = YES;
				GCC_WARN_64_TO_32_BIT_CONVERSION = YES;
				GCC_WARN_ABOUT_RETURN_TYPE = YES_ERROR;
				GCC_WARN_UNDECLARED_SELECTOR = YES;
				GCC_WARN_UNINITIALIZED_AUTOS = YES_AGGRESSIVE;
				GCC_WARN_UNUSED_FUNCTION = YES;
				GCC_WARN_UNUSED_VARIABLE = YES;
				IPHONEOS_DEPLOYMENT_TARGET = 16.4;
				MTL_ENABLE_DEBUG_INFO = NO;
				MTL_FAST_MATH = YES;
				SDKROOT = iphoneos;
				SWIFT_COMPILATION_MODE = wholemodule;
				SWIFT_OPTIMIZATION_LEVEL = "-O";
				VALIDATE_PRODUCT = YES;
			};
			name = Release;
		};
		86D071A82A3C434E00D0A250 /* Debug */ = {
			isa = XCBuildConfiguration;
			buildSettings = {
				ASSETCATALOG_COMPILER_APPICON_NAME = AppIcon;
				ASSETCATALOG_COMPILER_GLOBAL_ACCENT_COLOR_NAME = AccentColor;
				CODE_SIGN_STYLE = Automatic;
				CURRENT_PROJECT_VERSION = 1;
				GENERATE_INFOPLIST_FILE = YES;
				INFOPLIST_FILE = Daeri/Info.plist;
				INFOPLIST_KEY_UIApplicationSupportsIndirectInputEvents = YES;
				INFOPLIST_KEY_UILaunchStoryboardName = LaunchScreen;
				INFOPLIST_KEY_UIMainStoryboardFile = Main;
				INFOPLIST_KEY_UISupportedInterfaceOrientations_iPad = "UIInterfaceOrientationPortrait UIInterfaceOrientationPortraitUpsideDown UIInterfaceOrientationLandscapeLeft UIInterfaceOrientationLandscapeRight";
				INFOPLIST_KEY_UISupportedInterfaceOrientations_iPhone = "UIInterfaceOrientationPortrait UIInterfaceOrientationLandscapeLeft UIInterfaceOrientationLandscapeRight";
				LD_RUNPATH_SEARCH_PATHS = (
					"$(inherited)",
					"@executable_path/Frameworks",
				);
				MARKETING_VERSION = 1.0;
				PRODUCT_BUNDLE_IDENTIFIER = com.cavedwellers.Daeri;
				PRODUCT_NAME = "$(TARGET_NAME)";
				SWIFT_EMIT_LOC_STRINGS = YES;
				SWIFT_VERSION = 5.0;
				TARGETED_DEVICE_FAMILY = "1,2";
			};
			name = Debug;
		};
		86D071A92A3C434E00D0A250 /* Release */ = {
			isa = XCBuildConfiguration;
			buildSettings = {
				ASSETCATALOG_COMPILER_APPICON_NAME = AppIcon;
				ASSETCATALOG_COMPILER_GLOBAL_ACCENT_COLOR_NAME = AccentColor;
				CODE_SIGN_STYLE = Automatic;
				CURRENT_PROJECT_VERSION = 1;
				GENERATE_INFOPLIST_FILE = YES;
				INFOPLIST_FILE = Daeri/Info.plist;
				INFOPLIST_KEY_UIApplicationSupportsIndirectInputEvents = YES;
				INFOPLIST_KEY_UILaunchStoryboardName = LaunchScreen;
				INFOPLIST_KEY_UIMainStoryboardFile = Main;
				INFOPLIST_KEY_UISupportedInterfaceOrientations_iPad = "UIInterfaceOrientationPortrait UIInterfaceOrientationPortraitUpsideDown UIInterfaceOrientationLandscapeLeft UIInterfaceOrientationLandscapeRight";
				INFOPLIST_KEY_UISupportedInterfaceOrientations_iPhone = "UIInterfaceOrientationPortrait UIInterfaceOrientationLandscapeLeft UIInterfaceOrientationLandscapeRight";
				LD_RUNPATH_SEARCH_PATHS = (
					"$(inherited)",
					"@executable_path/Frameworks",
				);
				MARKETING_VERSION = 1.0;
				PRODUCT_BUNDLE_IDENTIFIER = com.cavedwellers.Daeri;
				PRODUCT_NAME = "$(TARGET_NAME)";
				SWIFT_EMIT_LOC_STRINGS = YES;
				SWIFT_VERSION = 5.0;
				TARGETED_DEVICE_FAMILY = "1,2";
			};
			name = Release;
		};
		86D071AB2A3C434E00D0A250 /* Debug */ = {
			isa = XCBuildConfiguration;
			buildSettings = {
				ALWAYS_EMBED_SWIFT_STANDARD_LIBRARIES = YES;
				BUNDLE_LOADER = "$(TEST_HOST)";
				CODE_SIGN_STYLE = Automatic;
				CURRENT_PROJECT_VERSION = 1;
				GENERATE_INFOPLIST_FILE = YES;
				IPHONEOS_DEPLOYMENT_TARGET = 16.4;
				MARKETING_VERSION = 1.0;
				PRODUCT_BUNDLE_IDENTIFIER = com.cavedwellers.DaeriTests;
				PRODUCT_NAME = "$(TARGET_NAME)";
				SWIFT_EMIT_LOC_STRINGS = NO;
				SWIFT_VERSION = 5.0;
				TARGETED_DEVICE_FAMILY = "1,2";
				TEST_HOST = "$(BUILT_PRODUCTS_DIR)/Daeri.app/$(BUNDLE_EXECUTABLE_FOLDER_PATH)/Daeri";
			};
			name = Debug;
		};
		86D071AC2A3C434E00D0A250 /* Release */ = {
			isa = XCBuildConfiguration;
			buildSettings = {
				ALWAYS_EMBED_SWIFT_STANDARD_LIBRARIES = YES;
				BUNDLE_LOADER = "$(TEST_HOST)";
				CODE_SIGN_STYLE = Automatic;
				CURRENT_PROJECT_VERSION = 1;
				GENERATE_INFOPLIST_FILE = YES;
				IPHONEOS_DEPLOYMENT_TARGET = 16.4;
				MARKETING_VERSION = 1.0;
				PRODUCT_BUNDLE_IDENTIFIER = com.cavedwellers.DaeriTests;
				PRODUCT_NAME = "$(TARGET_NAME)";
				SWIFT_EMIT_LOC_STRINGS = NO;
				SWIFT_VERSION = 5.0;
				TARGETED_DEVICE_FAMILY = "1,2";
				TEST_HOST = "$(BUILT_PRODUCTS_DIR)/Daeri.app/$(BUNDLE_EXECUTABLE_FOLDER_PATH)/Daeri";
			};
			name = Release;
		};
		86D071AE2A3C434E00D0A250 /* Debug */ = {
			isa = XCBuildConfiguration;
			buildSettings = {
				ALWAYS_EMBED_SWIFT_STANDARD_LIBRARIES = YES;
				CODE_SIGN_STYLE = Automatic;
				CURRENT_PROJECT_VERSION = 1;
				GENERATE_INFOPLIST_FILE = YES;
				MARKETING_VERSION = 1.0;
				PRODUCT_BUNDLE_IDENTIFIER = com.cavedwellers.DaeriUITests;
				PRODUCT_NAME = "$(TARGET_NAME)";
				SWIFT_EMIT_LOC_STRINGS = NO;
				SWIFT_VERSION = 5.0;
				TARGETED_DEVICE_FAMILY = "1,2";
				TEST_TARGET_NAME = Daeri;
			};
			name = Debug;
		};
		86D071AF2A3C434E00D0A250 /* Release */ = {
			isa = XCBuildConfiguration;
			buildSettings = {
				ALWAYS_EMBED_SWIFT_STANDARD_LIBRARIES = YES;
				CODE_SIGN_STYLE = Automatic;
				CURRENT_PROJECT_VERSION = 1;
				GENERATE_INFOPLIST_FILE = YES;
				MARKETING_VERSION = 1.0;
				PRODUCT_BUNDLE_IDENTIFIER = com.cavedwellers.DaeriUITests;
				PRODUCT_NAME = "$(TARGET_NAME)";
				SWIFT_EMIT_LOC_STRINGS = NO;
				SWIFT_VERSION = 5.0;
				TARGETED_DEVICE_FAMILY = "1,2";
				TEST_TARGET_NAME = Daeri;
			};
			name = Release;
		};
/* End XCBuildConfiguration section */

/* Begin XCConfigurationList section */
		86D071782A3C434E00D0A250 /* Build configuration list for PBXProject "Daeri" */ = {
			isa = XCConfigurationList;
			buildConfigurations = (
				86D071A52A3C434E00D0A250 /* Debug */,
				86D071A62A3C434E00D0A250 /* Release */,
			);
			defaultConfigurationIsVisible = 0;
			defaultConfigurationName = Release;
		};
		86D071A72A3C434E00D0A250 /* Build configuration list for PBXNativeTarget "Daeri" */ = {
			isa = XCConfigurationList;
			buildConfigurations = (
				86D071A82A3C434E00D0A250 /* Debug */,
				86D071A92A3C434E00D0A250 /* Release */,
			);
			defaultConfigurationIsVisible = 0;
			defaultConfigurationName = Release;
		};
		86D071AA2A3C434E00D0A250 /* Build configuration list for PBXNativeTarget "DaeriTests" */ = {
			isa = XCConfigurationList;
			buildConfigurations = (
				86D071AB2A3C434E00D0A250 /* Debug */,
				86D071AC2A3C434E00D0A250 /* Release */,
			);
			defaultConfigurationIsVisible = 0;
			defaultConfigurationName = Release;
		};
		86D071AD2A3C434E00D0A250 /* Build configuration list for PBXNativeTarget "DaeriUITests" */ = {
			isa = XCConfigurationList;
			buildConfigurations = (
				86D071AE2A3C434E00D0A250 /* Debug */,
				86D071AF2A3C434E00D0A250 /* Release */,
			);
			defaultConfigurationIsVisible = 0;
			defaultConfigurationName = Release;
		};
/* End XCConfigurationList section */
	};
	rootObject = 86D071752A3C434E00D0A250 /* Project object */;
}
